
Microsoft Visual Studio Solution File, Format Version 12.00
# Visual Studio Version 16
VisualStudioVersion = 16.0.32002.261
MinimumVisualStudioVersion = 10.0.40219.1
Project("{FAE04EC0-301F-11D3-BF4B-00C04F79EFBC}") = "alternate high and low", "ConsoleApp2alternate high and low\alternate high and low.csproj", "{8EF890E9-3934-4006-AE40-C1EA26DE0A67}"
EndProject
Global
	GlobalSection(SolutionConfigurationPlatforms) = preSolution
		Debug|Any CPU = Debug|Any CPU
		Release|Any CPU = Release|Any CPU
	EndGlobalSection
	GlobalSection(ProjectConfigurationPlatforms) = postSolution
		{8EF890E9-3934-4006-AE40-C1EA26DE0A67}.Debug|Any CPU.ActiveCfg = Debug|Any CPU
		{8EF890E9-3934-4006-AE40-C1EA26DE0A67}.Debug|Any CPU.Build.0 = Debug|Any CPU
		{8EF890E9-3934-4006-AE40-C1EA26DE0A67}.Release|Any CPU.ActiveCfg = Release|Any CPU
		{8EF890E9-3934-4006-AE40-C1EA26DE0A67}.Release|Any CPU.Build.0 = Release|Any CPU
	EndGlobalSection
	GlobalSection(SolutionProperties) = preSolution
		HideSolutionNode = FALSE
	EndGlobalSection
	GlobalSection(ExtensibilityGlobals) = postSolution
		SolutionGuid = {BC8D2E9B-1D97-469D-9FF1-61A0B6F23A1D}
	EndGlobalSection
EndGlobal
